
Microsoft Visual Studio Solution File, Format Version 12.00
# Visual Studio Version 16
VisualStudioVersion = 16.0.30413.136
MinimumVisualStudioVersion = 10.0.40219.1
Project("{FAE04EC0-301F-11D3-BF4B-00C04F79EFBC}") = "SimpleCICD_webAPI", "SimpleCICD_webAPI.csproj", "{69809B72-F555-4999-BDAC-B740BC07080C}"
EndProject
Project("{FAE04EC0-301F-11D3-BF4B-00C04F79EFBC}") = "UnitTest", "..\UnitTestForAPI\UnitTest.csproj", "{A9938A9C-8110-43C6-B121-AB870EF68886}"
EndProject
Global
	GlobalSection(SolutionConfigurationPlatforms) = preSolution
		Debug|Any CPU = Debug|Any CPU
		Release|Any CPU = Release|Any CPU
	EndGlobalSection
	GlobalSection(ProjectConfigurationPlatforms) = postSolution
		{69809B72-F555-4999-BDAC-B740BC07080C}.Debug|Any CPU.ActiveCfg = Debug|Any CPU
		{69809B72-F555-4999-BDAC-B740BC07080C}.Debug|Any CPU.Build.0 = Debug|Any CPU
		{69809B72-F555-4999-BDAC-B740BC07080C}.Release|Any CPU.ActiveCfg = Release|Any CPU
		{69809B72-F555-4999-BDAC-B740BC07080C}.Release|Any CPU.Build.0 = Release|Any CPU
		{A9938A9C-8110-43C6-B121-AB870EF68886}.Debug|Any CPU.ActiveCfg = Debug|Any CPU
		{A9938A9C-8110-43C6-B121-AB870EF68886}.Debug|Any CPU.Build.0 = Debug|Any CPU
		{A9938A9C-8110-43C6-B121-AB870EF68886}.Release|Any CPU.ActiveCfg = Release|Any CPU
		{A9938A9C-8110-43C6-B121-AB870EF68886}.Release|Any CPU.Build.0 = Release|Any CPU
	EndGlobalSection
	GlobalSection(SolutionProperties) = preSolution
		HideSolutionNode = FALSE
	EndGlobalSection
	GlobalSection(ExtensibilityGlobals) = postSolution
		SolutionGuid = {CAA48F20-0CFB-438C-BEA3-48020D46091E}
	EndGlobalSection
EndGlobal
